
Microsoft Visual Studio Solution File, Format Version 12.00
# Visual Studio Version 17
VisualStudioVersion = 17.8.34316.72
MinimumVisualStudioVersion = 10.0.40219.1
Project("{FAE04EC0-301F-11D3-BF4B-00C04F79EFBC}") = "AnimalBFGKLM", "AnimalBFGKLM\AnimalBFGKLM.csproj", "{3D549C9F-B616-4065-A42B-5B383729BFC9}"
EndProject
Global
	GlobalSection(SolutionConfigurationPlatforms) = preSolution
		Debug|Any CPU = Debug|Any CPU
		Release|Any CPU = Release|Any CPU
	EndGlobalSection
	GlobalSection(ProjectConfigurationPlatforms) = postSolution
		{3D549C9F-B616-4065-A42B-5B383729BFC9}.Debug|Any CPU.ActiveCfg = Debug|Any CPU
		{3D549C9F-B616-4065-A42B-5B383729BFC9}.Debug|Any CPU.Build.0 = Debug|Any CPU
		{3D549C9F-B616-4065-A42B-5B383729BFC9}.Release|Any CPU.ActiveCfg = Release|Any CPU
		{3D549C9F-B616-4065-A42B-5B383729BFC9}.Release|Any CPU.Build.0 = Release|Any CPU
	EndGlobalSection
	GlobalSection(SolutionProperties) = preSolution
		HideSolutionNode = FALSE
	EndGlobalSection
	GlobalSection(ExtensibilityGlobals) = postSolution
		SolutionGuid = {63E1E8B1-5F1E-4225-91C0-F7C7E70DB328}
	EndGlobalSection
EndGlobal
